
Microsoft Visual Studio Solution File, Format Version 12.00
# Visual Studio 15
VisualStudioVersion = 15.0.26124.0
MinimumVisualStudioVersion = 15.0.26124.0
Project("{FAE04EC0-301F-11D3-BF4B-00C04F79EFBC}") = "Agenda.Domain", "Agenda.Domain\Agenda.Domain.csproj", "{EF679D3D-9EBE-44F8-AD3F-D6A085EA0C48}"
EndProject
Project("{FAE04EC0-301F-11D3-BF4B-00C04F79EFBC}") = "Agenda.Repository", "Agenda.Repository\Agenda.Repository.csproj", "{8BA0D34B-49FA-4B2A-A4EF-722B7096B0BA}"
EndProject
Project("{FAE04EC0-301F-11D3-BF4B-00C04F79EFBC}") = "Agenda.Api", "Agenda.Api\Agenda.Api.csproj", "{81914A52-B7A7-4AA4-AC02-E16B6A9C04A5}"
EndProject
Global
	GlobalSection(SolutionConfigurationPlatforms) = preSolution
		Debug|Any CPU = Debug|Any CPU
		Debug|x64 = Debug|x64
		Debug|x86 = Debug|x86
		Release|Any CPU = Release|Any CPU
		Release|x64 = Release|x64
		Release|x86 = Release|x86
	EndGlobalSection
	GlobalSection(SolutionProperties) = preSolution
		HideSolutionNode = FALSE
	EndGlobalSection
	GlobalSection(ProjectConfigurationPlatforms) = postSolution
		{EF679D3D-9EBE-44F8-AD3F-D6A085EA0C48}.Debug|Any CPU.ActiveCfg = Debug|Any CPU
		{EF679D3D-9EBE-44F8-AD3F-D6A085EA0C48}.Debug|Any CPU.Build.0 = Debug|Any CPU
		{EF679D3D-9EBE-44F8-AD3F-D6A085EA0C48}.Debug|x64.ActiveCfg = Debug|Any CPU
		{EF679D3D-9EBE-44F8-AD3F-D6A085EA0C48}.Debug|x64.Build.0 = Debug|Any CPU
		{EF679D3D-9EBE-44F8-AD3F-D6A085EA0C48}.Debug|x86.ActiveCfg = Debug|Any CPU
		{EF679D3D-9EBE-44F8-AD3F-D6A085EA0C48}.Debug|x86.Build.0 = Debug|Any CPU
		{EF679D3D-9EBE-44F8-AD3F-D6A085EA0C48}.Release|Any CPU.ActiveCfg = Release|Any CPU
		{EF679D3D-9EBE-44F8-AD3F-D6A085EA0C48}.Release|Any CPU.Build.0 = Release|Any CPU
		{EF679D3D-9EBE-44F8-AD3F-D6A085EA0C48}.Release|x64.ActiveCfg = Release|Any CPU
		{EF679D3D-9EBE-44F8-AD3F-D6A085EA0C48}.Release|x64.Build.0 = Release|Any CPU
		{EF679D3D-9EBE-44F8-AD3F-D6A085EA0C48}.Release|x86.ActiveCfg = Release|Any CPU
		{EF679D3D-9EBE-44F8-AD3F-D6A085EA0C48}.Release|x86.Build.0 = Release|Any CPU
		{8BA0D34B-49FA-4B2A-A4EF-722B7096B0BA}.Debug|Any CPU.ActiveCfg = Debug|Any CPU
		{8BA0D34B-49FA-4B2A-A4EF-722B7096B0BA}.Debug|Any CPU.Build.0 = Debug|Any CPU
		{8BA0D34B-49FA-4B2A-A4EF-722B7096B0BA}.Debug|x64.ActiveCfg = Debug|Any CPU
		{8BA0D34B-49FA-4B2A-A4EF-722B7096B0BA}.Debug|x64.Build.0 = Debug|Any CPU
		{8BA0D34B-49FA-4B2A-A4EF-722B7096B0BA}.Debug|x86.ActiveCfg = Debug|Any CPU
		{8BA0D34B-49FA-4B2A-A4EF-722B7096B0BA}.Debug|x86.Build.0 = Debug|Any CPU
		{8BA0D34B-49FA-4B2A-A4EF-722B7096B0BA}.Release|Any CPU.ActiveCfg = Release|Any CPU
		{8BA0D34B-49FA-4B2A-A4EF-722B7096B0BA}.Release|Any CPU.Build.0 = Release|Any CPU
		{8BA0D34B-49FA-4B2A-A4EF-722B7096B0BA}.Release|x64.ActiveCfg = Release|Any CPU
		{8BA0D34B-49FA-4B2A-A4EF-722B7096B0BA}.Release|x64.Build.0 = Release|Any CPU
		{8BA0D34B-49FA-4B2A-A4EF-722B7096B0BA}.Release|x86.ActiveCfg = Release|Any CPU
		{8BA0D34B-49FA-4B2A-A4EF-722B7096B0BA}.Release|x86.Build.0 = Release|Any CPU
		{81914A52-B7A7-4AA4-AC02-E16B6A9C04A5}.Debug|Any CPU.ActiveCfg = Debug|Any CPU
		{81914A52-B7A7-4AA4-AC02-E16B6A9C04A5}.Debug|Any CPU.Build.0 = Debug|Any CPU
		{81914A52-B7A7-4AA4-AC02-E16B6A9C04A5}.Debug|x64.ActiveCfg = Debug|Any CPU
		{81914A52-B7A7-4AA4-AC02-E16B6A9C04A5}.Debug|x64.Build.0 = Debug|Any CPU
		{81914A52-B7A7-4AA4-AC02-E16B6A9C04A5}.Debug|x86.ActiveCfg = Debug|Any CPU
		{81914A52-B7A7-4AA4-AC02-E16B6A9C04A5}.Debug|x86.Build.0 = Debug|Any CPU
		{81914A52-B7A7-4AA4-AC02-E16B6A9C04A5}.Release|Any CPU.ActiveCfg = Release|Any CPU
		{81914A52-B7A7-4AA4-AC02-E16B6A9C04A5}.Release|Any CPU.Build.0 = Release|Any CPU
		{81914A52-B7A7-4AA4-AC02-E16B6A9C04A5}.Release|x64.ActiveCfg = Release|Any CPU
		{81914A52-B7A7-4AA4-AC02-E16B6A9C04A5}.Release|x64.Build.0 = Release|Any CPU
		{81914A52-B7A7-4AA4-AC02-E16B6A9C04A5}.Release|x86.ActiveCfg = Release|Any CPU
		{81914A52-B7A7-4AA4-AC02-E16B6A9C04A5}.Release|x86.Build.0 = Release|Any CPU
	EndGlobalSection
EndGlobal
